
Microsoft Visual Studio Solution File, Format Version 12.00
# Visual Studio Version 16
VisualStudioVersion = 16.0.30717.126
MinimumVisualStudioVersion = 10.0.40219.1
Project("{FAE04EC0-301F-11D3-BF4B-00C04F79EFBC}") = "GoF", "GoF\GoF.csproj", "{298C2FCF-6DF0-4859-9D15-7E91C39F941D}"
EndProject
Global
	GlobalSection(SolutionConfigurationPlatforms) = preSolution
		Debug|Any CPU = Debug|Any CPU
		Release|Any CPU = Release|Any CPU
	EndGlobalSection
	GlobalSection(ProjectConfigurationPlatforms) = postSolution
		{298C2FCF-6DF0-4859-9D15-7E91C39F941D}.Debug|Any CPU.ActiveCfg = Debug|Any CPU
		{298C2FCF-6DF0-4859-9D15-7E91C39F941D}.Debug|Any CPU.Build.0 = Debug|Any CPU
		{298C2FCF-6DF0-4859-9D15-7E91C39F941D}.Release|Any CPU.ActiveCfg = Release|Any CPU
		{298C2FCF-6DF0-4859-9D15-7E91C39F941D}.Release|Any CPU.Build.0 = Release|Any CPU
	EndGlobalSection
	GlobalSection(SolutionProperties) = preSolution
		HideSolutionNode = FALSE
	EndGlobalSection
	GlobalSection(ExtensibilityGlobals) = postSolution
		SolutionGuid = {3F6338E3-3ED5-4374-A922-2C7206EFB825}
	EndGlobalSection
EndGlobal
