
Microsoft Visual Studio Solution File, Format Version 12.00
# Visual Studio Version 16
VisualStudioVersion = 16.0.30717.126
MinimumVisualStudioVersion = 10.0.40219.1
Project("{9A19103F-16F7-4668-BE54-9A1E7A4F7556}") = "ConsoleApp1", "ConsoleApp1\ConsoleApp1.csproj", "{CFAB5525-4243-4768-9735-999D6689E2AD}"
EndProject
Project("{FAE04EC0-301F-11D3-BF4B-00C04F79EFBC}") = "WorkWithMassives", "WorkWithMassives\WorkWithMassives.csproj", "{99C2E8C4-36FD-494F-A1ED-57624E7CBD8D}"
EndProject
Global
	GlobalSection(SolutionConfigurationPlatforms) = preSolution
		Debug|Any CPU = Debug|Any CPU
		Release|Any CPU = Release|Any CPU
	EndGlobalSection
	GlobalSection(ProjectConfigurationPlatforms) = postSolution
		{CFAB5525-4243-4768-9735-999D6689E2AD}.Debug|Any CPU.ActiveCfg = Debug|Any CPU
		{CFAB5525-4243-4768-9735-999D6689E2AD}.Debug|Any CPU.Build.0 = Debug|Any CPU
		{CFAB5525-4243-4768-9735-999D6689E2AD}.Release|Any CPU.ActiveCfg = Release|Any CPU
		{CFAB5525-4243-4768-9735-999D6689E2AD}.Release|Any CPU.Build.0 = Release|Any CPU
		{99C2E8C4-36FD-494F-A1ED-57624E7CBD8D}.Debug|Any CPU.ActiveCfg = Debug|Any CPU
		{99C2E8C4-36FD-494F-A1ED-57624E7CBD8D}.Debug|Any CPU.Build.0 = Debug|Any CPU
		{99C2E8C4-36FD-494F-A1ED-57624E7CBD8D}.Release|Any CPU.ActiveCfg = Release|Any CPU
		{99C2E8C4-36FD-494F-A1ED-57624E7CBD8D}.Release|Any CPU.Build.0 = Release|Any CPU
	EndGlobalSection
	GlobalSection(SolutionProperties) = preSolution
		HideSolutionNode = FALSE
	EndGlobalSection
	GlobalSection(ExtensibilityGlobals) = postSolution
		SolutionGuid = {03F82647-575C-4987-81D2-4B9A0ED74281}
	EndGlobalSection
EndGlobal
